
Microsoft Visual Studio Solution File, Format Version 11.00
# Visual Studio 2010
Project("{FAE04EC0-301F-11D3-BF4B-00C04F79EFBC}") = "Assembly-CSharp", "Assembly-CSharp.csproj", "{40a6e211-e0a5-e419-6f49-40b87868a911}"
EndProject
Project("{FAE04EC0-301F-11D3-BF4B-00C04F79EFBC}") = "Assembly-CSharp-Editor", "Assembly-CSharp-Editor.csproj", "{d19d1c53-b388-7dc3-0356-4df57e56299d}"
EndProject
Global
	GlobalSection(SolutionConfigurationPlatforms) = preSolution
		Debug|Any CPU = Debug|Any CPU
	EndGlobalSection
	GlobalSection(ProjectConfigurationPlatforms) = postSolution
		{40a6e211-e0a5-e419-6f49-40b87868a911}.Debug|Any CPU.ActiveCfg = Debug|Any CPU
		{40a6e211-e0a5-e419-6f49-40b87868a911}.Debug|Any CPU.Build.0 = Debug|Any CPU
		{d19d1c53-b388-7dc3-0356-4df57e56299d}.Debug|Any CPU.ActiveCfg = Debug|Any CPU
		{d19d1c53-b388-7dc3-0356-4df57e56299d}.Debug|Any CPU.Build.0 = Debug|Any CPU
	EndGlobalSection
	GlobalSection(SolutionProperties) = preSolution
		HideSolutionNode = FALSE
	EndGlobalSection
EndGlobal
