
Microsoft Visual Studio Solution File, Format Version 12.00
# Visual Studio 2015
Project("{FAE04EC0-301F-11D3-BF4B-00C04F79EFBC}") = "ninjaFootball.CSharp", "ninjaFootball.CSharp.csproj", "{3D51BA67-8180-5D5A-A12A-3A9CEAF47AE0}"
EndProject
Project("{FAE04EC0-301F-11D3-BF4B-00C04F79EFBC}") = "ninjaFootball.CSharp.Editor", "ninjaFootball.CSharp.Editor.csproj", "{664A0E7C-FDF0-6452-0640-F5B114007CCD}"
EndProject
Global
	GlobalSection(SolutionConfigurationPlatforms) = preSolution
		Debug|Any CPU = Debug|Any CPU
		Release|Any CPU = Release|Any CPU
	EndGlobalSection
	GlobalSection(ProjectConfigurationPlatforms) = postSolution
		{3D51BA67-8180-5D5A-A12A-3A9CEAF47AE0}.Debug|Any CPU.ActiveCfg = Debug|Any CPU
		{3D51BA67-8180-5D5A-A12A-3A9CEAF47AE0}.Debug|Any CPU.Build.0 = Debug|Any CPU
		{3D51BA67-8180-5D5A-A12A-3A9CEAF47AE0}.Release|Any CPU.ActiveCfg = Release|Any CPU
		{3D51BA67-8180-5D5A-A12A-3A9CEAF47AE0}.Release|Any CPU.Build.0 = Release|Any CPU
		{664A0E7C-FDF0-6452-0640-F5B114007CCD}.Debug|Any CPU.ActiveCfg = Debug|Any CPU
		{664A0E7C-FDF0-6452-0640-F5B114007CCD}.Debug|Any CPU.Build.0 = Debug|Any CPU
		{664A0E7C-FDF0-6452-0640-F5B114007CCD}.Release|Any CPU.ActiveCfg = Release|Any CPU
		{664A0E7C-FDF0-6452-0640-F5B114007CCD}.Release|Any CPU.Build.0 = Release|Any CPU
	EndGlobalSection
	GlobalSection(SolutionProperties) = preSolution
		HideSolutionNode = FALSE
	EndGlobalSection
EndGlobal
